
Microsoft Visual Studio Solution File, Format Version 12.00
# Visual Studio Version 17
VisualStudioVersion = 17.3.32901.215
MinimumVisualStudioVersion = 10.0.40219.1
Project("{9A19103F-16F7-4668-BE54-9A1E7A4F7556}") = "NorthWind", "NorthWind\NorthWind.csproj", "{5AA8B3D6-1729-4EF8-A537-45E97E4DCAB3}"
	ProjectSection(ProjectDependencies) = postProject
		{6727AB48-7156-4BF2-AFF0-F6C08BF8AD85} = {6727AB48-7156-4BF2-AFF0-F6C08BF8AD85}
	EndProjectSection
EndProject
Project("{9A19103F-16F7-4668-BE54-9A1E7A4F7556}") = "Domain", "Domain\Domain.csproj", "{6727AB48-7156-4BF2-AFF0-F6C08BF8AD85}"
EndProject
Project("{9A19103F-16F7-4668-BE54-9A1E7A4F7556}") = "NorthWindClient", "NorthWindClient\NorthWindClient.csproj", "{6B37BC9C-4FBA-4F3A-95A7-B1E3148C91D0}"
EndProject
Project("{9A19103F-16F7-4668-BE54-9A1E7A4F7556}") = "MV.Components", "MV.Components\MV.Components.csproj", "{AC2DB601-95C2-4AF3-A278-28E053B08AD8}"
EndProject
Project("{9A19103F-16F7-4668-BE54-9A1E7A4F7556}") = "MV.Framework", "MV.Framework\MV.Framework.csproj", "{1DE0D3C5-C356-4469-9309-A84673E8A8DC}"
EndProject
Project("{9A19103F-16F7-4668-BE54-9A1E7A4F7556}") = "NorthWindClient2", "NorthWindClient2\NorthWindClient2.csproj", "{41815502-5C90-4D3C-B728-8C03C60107C0}"
EndProject
Project("{9A19103F-16F7-4668-BE54-9A1E7A4F7556}") = "NorthWindClient3", "NorthWindClient3\NorthWindClient3.csproj", "{B7AD5F17-9CFA-4B29-ACCA-57F70401DB46}"
EndProject
Project("{9A19103F-16F7-4668-BE54-9A1E7A4F7556}") = "NorthWindClient4", "NorthWindClient4\NorthWindClient4.csproj", "{C505701C-B28E-4AA7-B0C6-FC2464E79528}"
EndProject
Project("{9A19103F-16F7-4668-BE54-9A1E7A4F7556}") = "NorthWindClient5", "NorthWindClient5\NorthWindClient5.csproj", "{AC40E612-1D48-46E8-9959-E32E12CF573E}"
EndProject
Project("{9A19103F-16F7-4668-BE54-9A1E7A4F7556}") = "NorthWindClient5.Tests", "NorthWindClient5.Tests\NorthWindClient5.Tests.csproj", "{AB2841D3-5651-4C64-B878-A1CE5FCEE1A1}"
EndProject
Project("{9A19103F-16F7-4668-BE54-9A1E7A4F7556}") = "NorthWindClient8", "NorthWindClient8\NorthWindClient8.csproj", "{FC111EA3-7606-4DBE-9C46-12ABA458B6D9}"
EndProject
Project("{9A19103F-16F7-4668-BE54-9A1E7A4F7556}") = "NorthWindClient10", "NorthWindClient10\NorthWindClient10.csproj", "{6B2452CD-6EAC-4F63-8BC1-1A9C665DDD35}"
EndProject
Global
	GlobalSection(SolutionConfigurationPlatforms) = preSolution
		Debug|Any CPU = Debug|Any CPU
		Release|Any CPU = Release|Any CPU
	EndGlobalSection
	GlobalSection(ProjectConfigurationPlatforms) = postSolution
		{5AA8B3D6-1729-4EF8-A537-45E97E4DCAB3}.Debug|Any CPU.ActiveCfg = Debug|Any CPU
		{5AA8B3D6-1729-4EF8-A537-45E97E4DCAB3}.Debug|Any CPU.Build.0 = Debug|Any CPU
		{5AA8B3D6-1729-4EF8-A537-45E97E4DCAB3}.Release|Any CPU.ActiveCfg = Release|Any CPU
		{5AA8B3D6-1729-4EF8-A537-45E97E4DCAB3}.Release|Any CPU.Build.0 = Release|Any CPU
		{6727AB48-7156-4BF2-AFF0-F6C08BF8AD85}.Debug|Any CPU.ActiveCfg = Debug|Any CPU
		{6727AB48-7156-4BF2-AFF0-F6C08BF8AD85}.Debug|Any CPU.Build.0 = Debug|Any CPU
		{6727AB48-7156-4BF2-AFF0-F6C08BF8AD85}.Release|Any CPU.ActiveCfg = Release|Any CPU
		{6727AB48-7156-4BF2-AFF0-F6C08BF8AD85}.Release|Any CPU.Build.0 = Release|Any CPU
		{6B37BC9C-4FBA-4F3A-95A7-B1E3148C91D0}.Debug|Any CPU.ActiveCfg = Debug|Any CPU
		{6B37BC9C-4FBA-4F3A-95A7-B1E3148C91D0}.Debug|Any CPU.Build.0 = Debug|Any CPU
		{6B37BC9C-4FBA-4F3A-95A7-B1E3148C91D0}.Release|Any CPU.ActiveCfg = Release|Any CPU
		{6B37BC9C-4FBA-4F3A-95A7-B1E3148C91D0}.Release|Any CPU.Build.0 = Release|Any CPU
		{AC2DB601-95C2-4AF3-A278-28E053B08AD8}.Debug|Any CPU.ActiveCfg = Debug|Any CPU
		{AC2DB601-95C2-4AF3-A278-28E053B08AD8}.Debug|Any CPU.Build.0 = Debug|Any CPU
		{AC2DB601-95C2-4AF3-A278-28E053B08AD8}.Release|Any CPU.ActiveCfg = Release|Any CPU
		{AC2DB601-95C2-4AF3-A278-28E053B08AD8}.Release|Any CPU.Build.0 = Release|Any CPU
		{1DE0D3C5-C356-4469-9309-A84673E8A8DC}.Debug|Any CPU.ActiveCfg = Debug|Any CPU
		{1DE0D3C5-C356-4469-9309-A84673E8A8DC}.Debug|Any CPU.Build.0 = Debug|Any CPU
		{1DE0D3C5-C356-4469-9309-A84673E8A8DC}.Release|Any CPU.ActiveCfg = Release|Any CPU
		{1DE0D3C5-C356-4469-9309-A84673E8A8DC}.Release|Any CPU.Build.0 = Release|Any CPU
		{41815502-5C90-4D3C-B728-8C03C60107C0}.Debug|Any CPU.ActiveCfg = Debug|Any CPU
		{41815502-5C90-4D3C-B728-8C03C60107C0}.Debug|Any CPU.Build.0 = Debug|Any CPU
		{41815502-5C90-4D3C-B728-8C03C60107C0}.Release|Any CPU.ActiveCfg = Release|Any CPU
		{41815502-5C90-4D3C-B728-8C03C60107C0}.Release|Any CPU.Build.0 = Release|Any CPU
		{B7AD5F17-9CFA-4B29-ACCA-57F70401DB46}.Debug|Any CPU.ActiveCfg = Debug|Any CPU
		{B7AD5F17-9CFA-4B29-ACCA-57F70401DB46}.Debug|Any CPU.Build.0 = Debug|Any CPU
		{B7AD5F17-9CFA-4B29-ACCA-57F70401DB46}.Debug|Any CPU.Deploy.0 = Debug|Any CPU
		{B7AD5F17-9CFA-4B29-ACCA-57F70401DB46}.Release|Any CPU.ActiveCfg = Release|Any CPU
		{B7AD5F17-9CFA-4B29-ACCA-57F70401DB46}.Release|Any CPU.Build.0 = Release|Any CPU
		{B7AD5F17-9CFA-4B29-ACCA-57F70401DB46}.Release|Any CPU.Deploy.0 = Release|Any CPU
		{C505701C-B28E-4AA7-B0C6-FC2464E79528}.Debug|Any CPU.ActiveCfg = Debug|Any CPU
		{C505701C-B28E-4AA7-B0C6-FC2464E79528}.Debug|Any CPU.Build.0 = Debug|Any CPU
		{C505701C-B28E-4AA7-B0C6-FC2464E79528}.Release|Any CPU.ActiveCfg = Release|Any CPU
		{C505701C-B28E-4AA7-B0C6-FC2464E79528}.Release|Any CPU.Build.0 = Release|Any CPU
		{AC40E612-1D48-46E8-9959-E32E12CF573E}.Debug|Any CPU.ActiveCfg = Debug|Any CPU
		{AC40E612-1D48-46E8-9959-E32E12CF573E}.Debug|Any CPU.Build.0 = Debug|Any CPU
		{AC40E612-1D48-46E8-9959-E32E12CF573E}.Debug|Any CPU.Deploy.0 = Debug|Any CPU
		{AC40E612-1D48-46E8-9959-E32E12CF573E}.Release|Any CPU.ActiveCfg = Release|Any CPU
		{AC40E612-1D48-46E8-9959-E32E12CF573E}.Release|Any CPU.Build.0 = Release|Any CPU
		{AC40E612-1D48-46E8-9959-E32E12CF573E}.Release|Any CPU.Deploy.0 = Release|Any CPU
		{AB2841D3-5651-4C64-B878-A1CE5FCEE1A1}.Debug|Any CPU.ActiveCfg = Debug|Any CPU
		{AB2841D3-5651-4C64-B878-A1CE5FCEE1A1}.Debug|Any CPU.Build.0 = Debug|Any CPU
		{AB2841D3-5651-4C64-B878-A1CE5FCEE1A1}.Release|Any CPU.ActiveCfg = Release|Any CPU
		{AB2841D3-5651-4C64-B878-A1CE5FCEE1A1}.Release|Any CPU.Build.0 = Release|Any CPU
		{FC111EA3-7606-4DBE-9C46-12ABA458B6D9}.Debug|Any CPU.ActiveCfg = Debug|Any CPU
		{FC111EA3-7606-4DBE-9C46-12ABA458B6D9}.Debug|Any CPU.Build.0 = Debug|Any CPU
		{FC111EA3-7606-4DBE-9C46-12ABA458B6D9}.Release|Any CPU.ActiveCfg = Release|Any CPU
		{FC111EA3-7606-4DBE-9C46-12ABA458B6D9}.Release|Any CPU.Build.0 = Release|Any CPU
		{6B2452CD-6EAC-4F63-8BC1-1A9C665DDD35}.Debug|Any CPU.ActiveCfg = Debug|Any CPU
		{6B2452CD-6EAC-4F63-8BC1-1A9C665DDD35}.Debug|Any CPU.Build.0 = Debug|Any CPU
		{6B2452CD-6EAC-4F63-8BC1-1A9C665DDD35}.Release|Any CPU.ActiveCfg = Release|Any CPU
		{6B2452CD-6EAC-4F63-8BC1-1A9C665DDD35}.Release|Any CPU.Build.0 = Release|Any CPU
	EndGlobalSection
	GlobalSection(SolutionProperties) = preSolution
		HideSolutionNode = FALSE
	EndGlobalSection
	GlobalSection(ExtensibilityGlobals) = postSolution
		SolutionGuid = {993C6D5B-725E-4C88-87D7-9DB055B55E48}
	EndGlobalSection
EndGlobal
